{
    "name": "it.pinf.org.npmjs",
    "version": "0.1.2",
    "lockfileVersion": 1,
    "requires": true,
    "dependencies": {
        "bash.origin.workspace": {
            "version": "0.2.17",
            "resolved": "https://registry.npmjs.org/bash.origin.workspace/-/bash.origin.workspace-0.2.17.tgz",
            "integrity": "sha512-xxa9qh2KFSJSjYjRKj68RGfC/8GoffH6RCt8L00RsVl1Y79KqvqokSEcrXEqc/IwxnBHsMW+ESnjus6C3oycVQ==",
            "requires": {
                "bash.origin": "0.1.74"
            },
            "dependencies": {
                "bash.origin": {
                    "version": "0.1.74",
                    "resolved": "https://registry.npmjs.org/bash.origin/-/bash.origin-0.1.74.tgz",
                    "integrity": "sha1-2JlkTrIRSfDCuOrZSV1NE/FUnC8="
                }
            }
        }
    }
}
