{
    "name": "it.pinf.org.npmjs",
    "version": "0.1.6",
    "lockfileVersion": 1,
    "requires": true,
    "dependencies": {
        "bash.origin.workspace": {
            "version": "0.3.0",
            "resolved": "https://registry.npmjs.org/bash.origin.workspace/-/bash.origin.workspace-0.3.0.tgz",
            "integrity": "sha512-CC6AFsciCw/YxNORbXrHPvnafgzJjKlfnvwUjyiLQhilscmQrq/cyrZQ1ATDDtAeOhur2sUUq3wY89oMmkR1ow==",
            "requires": {
                "bash.origin": "0.1.90"
            },
            "dependencies": {
                "bash.origin": {
                    "version": "0.1.90",
                    "resolved": "https://registry.npmjs.org/bash.origin/-/bash.origin-0.1.90.tgz",
                    "integrity": "sha512-mXkQlOOwIxqsHrpy9rws/HY8h2qVZyvlL9Qu9bAZWNwwrKS+vmc+axKK1lTN/BChSIile9M2zM9PQcPIACDKfg=="
                }
            }
        }
    }
}
